// !$*UTF8*$!
{
	archiveVersion = 1;
	classes = {
	};
	objectVersion = 46;
	objects = {

/* Begin PBXBuildFile section */
		92E5DB0C1D38025500DB3E4E /* AppDelegate.swift in Sources */ = {isa = PBXBuildFile; fileRef = 92E5DB0B1D38025500DB3E4E /* AppDelegate.swift */; };
		92E5DB0E1D38025500DB3E4E /* ViewController.swift in Sources */ = {isa = PBXBuildFile; fileRef = 92E5DB0D1D38025500DB3E4E /* ViewController.swift */; };
		92E5DB111D38025500DB3E4E /* Main.storyboard in Resources */ = {isa = PBXBuildFile; fileRef = 92E5DB0F1D38025500DB3E4E /* Main.storyboard */; };
		92E5DB131D38025500DB3E4E /* Assets.xcassets in Resources */ = {isa = PBXBuildFile; fileRef = 92E5DB121D38025500DB3E4E /* Assets.xcassets */; };
		92E5DB161D38025500DB3E4E /* LaunchScreen.storyboard in Resources */ = {isa = PBXBuildFile; fileRef = 92E5DB141D38025500DB3E4E /* LaunchScreen.storyboard */; };
		92E5DB1E1D3804BB00DB3E4E /* Character.swift in Sources */ = {isa = PBXBuildFile; fileRef = 92E5DB1D1D3804BB00DB3E4E /* Character.swift */; };
		92E5DB201D3805EE00DB3E4E /* Player.swift in Sources */ = {isa = PBXBuildFile; fileRef = 92E5DB1F1D3805EE00DB3E4E /* Player.swift */; };
		92E5DB221D38072F00DB3E4E /* Enemy.swift in Sources */ = {isa = PBXBuildFile; fileRef = 92E5DB211D38072F00DB3E4E /* Enemy.swift */; };
		92E5DB241D3808B600DB3E4E /* Kimara.swift in Sources */ = {isa = PBXBuildFile; fileRef = 92E5DB231D3808B600DB3E4E /* Kimara.swift */; };
		92E5DB281D3809CB00DB3E4E /* DevilWizard.swift in Sources */ = {isa = PBXBuildFile; fileRef = 92E5DB271D3809CB00DB3E4E /* DevilWizard.swift */; };
/* End PBXBuildFile section */

/* Begin PBXFileReference section */
		92E5DB081D38025500DB3E4E /* rpgoop.app */ = {isa = PBXFileReference; explicitFileType = wrapper.application; includeInIndex = 0; path = rpgoop.app; sourceTree = BUILT_PRODUCTS_DIR; };
		92E5DB0B1D38025500DB3E4E /* AppDelegate.swift */ = {isa = PBXFileReference; lastKnownFileType = sourcecode.swift; path = AppDelegate.swift; sourceTree = "<group>"; };
		92E5DB0D1D38025500DB3E4E /* ViewController.swift */ = {isa = PBXFileReference; lastKnownFileType = sourcecode.swift; path = ViewController.swift; sourceTree = "<group>"; };
		92E5DB101D38025500DB3E4E /* Base */ = {isa = PBXFileReference; lastKnownFileType = file.storyboard; name = Base; path = Base.lproj/Main.storyboard; sourceTree = "<group>"; };
		92E5DB121D38025500DB3E4E /* Assets.xcassets */ = {isa = PBXFileReference; lastKnownFileType = folder.assetcatalog; path = Assets.xcassets; sourceTree = "<group>"; };
		92E5DB151D38025500DB3E4E /* Base */ = {isa = PBXFileReference; lastKnownFileType = file.storyboard; name = Base; path = Base.lproj/LaunchScreen.storyboard; sourceTree = "<group>"; };
		92E5DB171D38025500DB3E4E /* Info.plist */ = {isa = PBXFileReference; lastKnownFileType = text.plist.xml; path = Info.plist; sourceTree = "<group>"; };
		92E5DB1D1D3804BB00DB3E4E /* Character.swift */ = {isa = PBXFileReference; fileEncoding = 4; lastKnownFileType = sourcecode.swift; path = Character.swift; sourceTree = "<group>"; };
		92E5DB1F1D3805EE00DB3E4E /* Player.swift */ = {isa = PBXFileReference; fileEncoding = 4; lastKnownFileType = sourcecode.swift; path = Player.swift; sourceTree = "<group>"; };
		92E5DB211D38072F00DB3E4E /* Enemy.swift */ = {isa = PBXFileReference; fileEncoding = 4; lastKnownFileType = sourcecode.swift; path = Enemy.swift; sourceTree = "<group>"; };
		92E5DB231D3808B600DB3E4E /* Kimara.swift */ = {isa = PBXFileReference; fileEncoding = 4; lastKnownFileType = sourcecode.swift; path = Kimara.swift; sourceTree = "<group>"; };
		92E5DB271D3809CB00DB3E4E /* DevilWizard.swift */ = {isa = PBXFileReference; fileEncoding = 4; lastKnownFileType = sourcecode.swift; path = DevilWizard.swift; sourceTree = "<group>"; };
/* End PBXFileReference section */

/* Begin PBXFrameworksBuildPhase section */
		92E5DB051D38025400DB3E4E /* Frameworks */ = {
			isa = PBXFrameworksBuildPhase;
			buildActionMask = 2147483647;
			files = (
			);
			runOnlyForDeploymentPostprocessing = 0;
		};
/* End PBXFrameworksBuildPhase section */

/* Begin PBXGroup section */
		92E5DAFF1D38025400DB3E4E = {
			isa = PBXGroup;
			children = (
				92E5DB0A1D38025500DB3E4E /* rpgoop */,
				92E5DB091D38025500DB3E4E /* Products */,
			);
			sourceTree = "<group>";
		};
		92E5DB091D38025500DB3E4E /* Products */ = {
			isa = PBXGroup;
			children = (
				92E5DB081D38025500DB3E4E /* rpgoop.app */,
			);
			name = Products;
			sourceTree = "<group>";
		};
		92E5DB0A1D38025500DB3E4E /* rpgoop */ = {
			isa = PBXGroup;
			children = (
				92E5DB0B1D38025500DB3E4E /* AppDelegate.swift */,
				92E5DB0D1D38025500DB3E4E /* ViewController.swift */,
				92E5DB0F1D38025500DB3E4E /* Main.storyboard */,
				92E5DB121D38025500DB3E4E /* Assets.xcassets */,
				92E5DB141D38025500DB3E4E /* LaunchScreen.storyboard */,
				92E5DB171D38025500DB3E4E /* Info.plist */,
				92E5DB1D1D3804BB00DB3E4E /* Character.swift */,
				92E5DB1F1D3805EE00DB3E4E /* Player.swift */,
				92E5DB211D38072F00DB3E4E /* Enemy.swift */,
				92E5DB231D3808B600DB3E4E /* Kimara.swift */,
				92E5DB271D3809CB00DB3E4E /* DevilWizard.swift */,
			);
			path = rpgoop;
			sourceTree = "<group>";
		};
/* End PBXGroup section */

/* Begin PBXNativeTarget section */
		92E5DB071D38025400DB3E4E /* rpgoop */ = {
			isa = PBXNativeTarget;
			buildConfigurationList = 92E5DB1A1D38025500DB3E4E /* Build configuration list for PBXNativeTarget "rpgoop" */;
			buildPhases = (
				92E5DB041D38025400DB3E4E /* Sources */,
				92E5DB051D38025400DB3E4E /* Frameworks */,
				92E5DB061D38025400DB3E4E /* Resources */,
			);
			buildRules = (
			);
			dependencies = (
			);
			name = rpgoop;
			productName = rpgoop;
			productReference = 92E5DB081D38025500DB3E4E /* rpgoop.app */;
			productType = "com.apple.product-type.application";
		};
/* End PBXNativeTarget section */

/* Begin PBXProject section */
		92E5DB001D38025400DB3E4E /* Project object */ = {
			isa = PBXProject;
			attributes = {
				LastSwiftUpdateCheck = 0730;
				LastUpgradeCheck = 0730;
				ORGANIZATIONNAME = "Anthony Whitaker";
				TargetAttributes = {
					92E5DB071D38025400DB3E4E = {
						CreatedOnToolsVersion = 7.3.1;
						DevelopmentTeam = VL7RZNELL8;
					};
				};
			};
			buildConfigurationList = 92E5DB031D38025400DB3E4E /* Build configuration list for PBXProject "rpgoop" */;
			compatibilityVersion = "Xcode 3.2";
			developmentRegion = English;
			hasScannedForEncodings = 0;
			knownRegions = (
				en,
				Base,
			);
			mainGroup = 92E5DAFF1D38025400DB3E4E;
			productRefGroup = 92E5DB091D38025500DB3E4E /* Products */;
			projectDirPath = "";
			projectRoot = "";
			targets = (
				92E5DB071D38025400DB3E4E /* rpgoop */,
			);
		};
/* End PBXProject section */

/* Begin PBXResourcesBuildPhase section */
		92E5DB061D38025400DB3E4E /* Resources */ = {
			isa = PBXResourcesBuildPhase;
			buildActionMask = 2147483647;
			files = (
				92E5DB161D38025500DB3E4E /* LaunchScreen.storyboard in Resources */,
				92E5DB131D38025500DB3E4E /* Assets.xcassets in Resources */,
				92E5DB111D38025500DB3E4E /* Main.storyboard in Resources */,
			);
			runOnlyForDeploymentPostprocessing = 0;
		};
/* End PBXResourcesBuildPhase section */

/* Begin PBXSourcesBuildPhase section */
		92E5DB041D38025400DB3E4E /* Sources */ = {
			isa = PBXSourcesBuildPhase;
			buildActionMask = 2147483647;
			files = (
				92E5DB201D3805EE00DB3E4E /* Player.swift in Sources */,
				92E5DB281D3809CB00DB3E4E /* DevilWizard.swift in Sources */,
				92E5DB221D38072F00DB3E4E /* Enemy.swift in Sources */,
				92E5DB241D3808B600DB3E4E /* Kimara.swift in Sources */,
				92E5DB1E1D3804BB00DB3E4E /* Character.swift in Sources */,
				92E5DB0E1D38025500DB3E4E /* ViewController.swift in Sources */,
				92E5DB0C1D38025500DB3E4E /* AppDelegate.swift in Sources */,
			);
			runOnlyForDeploymentPostprocessing = 0;
		};
/* End PBXSourcesBuildPhase section */

/* Begin PBXVariantGroup section */
		92E5DB0F1D38025500DB3E4E /* Main.storyboard */ = {
			isa = PBXVariantGroup;
			children = (
				92E5DB101D38025500DB3E4E /* Base */,
			);
			name = Main.storyboard;
			sourceTree = "<group>";
		};
		92E5DB141D38025500DB3E4E /* LaunchScreen.storyboard */ = {
			isa = PBXVariantGroup;
			children = (
				92E5DB151D38025500DB3E4E /* Base */,
			);
			name = LaunchScreen.storyboard;
			sourceTree = "<group>";
		};
/* End PBXVariantGroup section */

/* Begin XCBuildConfiguration section */
		92E5DB181D38025500DB3E4E /* Debug */ = {
			isa = XCBuildConfiguration;
			buildSettings = {
				ALWAYS_SEARCH_USER_PATHS = NO;
				CLANG_ANALYZER_NONNULL = YES;
				CLANG_CXX_LANGUAGE_STANDARD = "gnu++0x";
				CLANG_CXX_LIBRARY = "libc++";
				CLANG_ENABLE_MODULES = YES;
				CLANG_ENABLE_OBJC_ARC = YES;
				CLANG_WARN_BOOL_CONVERSION = YES;
				CLANG_WARN_CONSTANT_CONVERSION = YES;
				CLANG_WARN_DIRECT_OBJC_ISA_USAGE = YES_ERROR;
				CLANG_WARN_EMPTY_BODY = YES;
				CLANG_WARN_ENUM_CONVERSION = YES;
				CLANG_WARN_INT_CONVERSION = YES;
				CLANG_WARN_OBJC_ROOT_CLASS = YES_ERROR;
				CLANG_WARN_UNREACHABLE_CODE = YES;
				CLANG_WARN__DUPLICATE_METHOD_MATCH = YES;
				"CODE_SIGN_IDENTITY[sdk=iphoneos*]" = "iPhone Developer";
				COPY_PHASE_STRIP = NO;
				DEBUG_INFORMATION_FORMAT = dwarf;
				ENABLE_STRICT_OBJC_MSGSEND = YES;
				ENABLE_TESTABILITY = YES;
				GCC_C_LANGUAGE_STANDARD = gnu99;
				GCC_DYNAMIC_NO_PIC = NO;
				GCC_NO_COMMON_BLOCKS = YES;
				GCC_OPTIMIZATION_LEVEL = 0;
				GCC_PREPROCESSOR_DEFINITIONS = (
					"DEBUG=1",
					"$(inherited)",
				);
				GCC_WARN_64_TO_32_BIT_CONVERSION = YES;
				GCC_WARN_ABOUT_RETURN_TYPE = YES_ERROR;
				GCC_WARN_UNDECLARED_SELECTOR = YES;
				GCC_WARN_UNINITIALIZED_AUTOS = YES_AGGRESSIVE;
				GCC_WARN_UNUSED_FUNCTION = YES;
				GCC_WARN_UNUSED_VARIABLE = YES;
				IPHONEOS_DEPLOYMENT_TARGET = 9.3;
				MTL_ENABLE_DEBUG_INFO = YES;
				ONLY_ACTIVE_ARCH = YES;
				SDKROOT = iphoneos;
				SWIFT_OPTIMIZATION_LEVEL = "-Onone";
				TARGETED_DEVICE_FAMILY = "1,2";
			};
			name = Debug;
		};
		92E5DB191D38025500DB3E4E /* Release */ = {
			isa = XCBuildConfiguration;
			buildSettings = {
				ALWAYS_SEARCH_USER_PATHS = NO;
				CLANG_ANALYZER_NONNULL = YES;
				CLANG_CXX_LANGUAGE_STANDARD = "gnu++0x";
				CLANG_CXX_LIBRARY = "libc++";
				CLANG_ENABLE_MODULES = YES;
				CLANG_ENABLE_OBJC_ARC = YES;
				CLANG_WARN_BOOL_CONVERSION = YES;
				CLANG_WARN_CONSTANT_CONVERSION = YES;
				CLANG_WARN_DIRECT_OBJC_ISA_USAGE = YES_ERROR;
				CLANG_WARN_EMPTY_BODY = YES;
				CLANG_WARN_ENUM_CONVERSION = YES;
				CLANG_WARN_INT_CONVERSION = YES;
				CLANG_WARN_OBJC_ROOT_CLASS = YES_ERROR;
				CLANG_WARN_UNREACHABLE_CODE = YES;
				CLANG_WARN__DUPLICATE_METHOD_MATCH = YES;
				"CODE_SIGN_IDENTITY[sdk=iphoneos*]" = "iPhone Developer";
				COPY_PHASE_STRIP = NO;
				DEBUG_INFORMATION_FORMAT = "dwarf-with-dsym";
				ENABLE_NS_ASSERTIONS = NO;
				ENABLE_STRICT_OBJC_MSGSEND = YES;
				GCC_C_LANGUAGE_STANDARD = gnu99;
				GCC_NO_COMMON_BLOCKS = YES;
				GCC_WARN_64_TO_32_BIT_CONVERSION = YES;
				GCC_WARN_ABOUT_RETURN_TYPE = YES_ERROR;
				GCC_WARN_UNDECLARED_SELECTOR = YES;
				GCC_WARN_UNINITIALIZED_AUTOS = YES_AGGRESSIVE;
				GCC_WARN_UNUSED_FUNCTION = YES;
				GCC_WARN_UNUSED_VARIABLE = YES;
				IPHONEOS_DEPLOYMENT_TARGET = 9.3;
				MTL_ENABLE_DEBUG_INFO = NO;
				SDKROOT = iphoneos;
				TARGETED_DEVICE_FAMILY = "1,2";
				VALIDATE_PRODUCT = YES;
			};
			name = Release;
		};
		92E5DB1B1D38025500DB3E4E /* Debug */ = {
			isa = XCBuildConfiguration;
			buildSettings = {
				ASSETCATALOG_COMPILER_APPICON_NAME = AppIcon;
				INFOPLIST_FILE = rpgoop/Info.plist;
				LD_RUNPATH_SEARCH_PATHS = "$(inherited) @executable_path/Frameworks";
				PRODUCT_BUNDLE_IDENTIFIER = Whitaker.Anthony.rpgoop;
				PRODUCT_NAME = "$(TARGET_NAME)";
			};
			name = Debug;
		};
		92E5DB1C1D38025500DB3E4E /* Release */ = {
			isa = XCBuildConfiguration;
			buildSettings = {
				ASSETCATALOG_COMPILER_APPICON_NAME = AppIcon;
				INFOPLIST_FILE = rpgoop/Info.plist;
				LD_RUNPATH_SEARCH_PATHS = "$(inherited) @executable_path/Frameworks";
				PRODUCT_BUNDLE_IDENTIFIER = Whitaker.Anthony.rpgoop;
				PRODUCT_NAME = "$(TARGET_NAME)";
			};
			name = Release;
		};
/* End XCBuildConfiguration section */

/* Begin XCConfigurationList section */
		92E5DB031D38025400DB3E4E /* Build configuration list for PBXProject "rpgoop" */ = {
			isa = XCConfigurationList;
			buildConfigurations = (
				92E5DB181D38025500DB3E4E /* Debug */,
				92E5DB191D38025500DB3E4E /* Release */,
			);
			defaultConfigurationIsVisible = 0;
			defaultConfigurationName = Release;
		};
		92E5DB1A1D38025500DB3E4E /* Build configuration list for PBXNativeTarget "rpgoop" */ = {
			isa = XCConfigurationList;
			buildConfigurations = (
				92E5DB1B1D38025500DB3E4E /* Debug */,
				92E5DB1C1D38025500DB3E4E /* Release */,
			);
			defaultConfigurationIsVisible = 0;
		};
/* End XCConfigurationList section */
	};
	rootObject = 92E5DB001D38025400DB3E4E /* Project object */;
}
